
Microsoft Visual Studio Solution File, Format Version 12.00
# Visual Studio Express 2013 for Web
VisualStudioVersion = 12.0.31101.0
MinimumVisualStudioVersion = 10.0.40219.1
Project("{888888A0-9F3D-457C-B088-3A5042F75D52}") = "pilsample", "pilsample\pilsample.pyproj", "{162475BC-CBBE-4CE1-A3B3-3AEF93AA28E1}"
EndProject
Project("{888888A0-9F3D-457C-B088-3A5042F75D52}") = "CommonImage", "CommonImage\CommonImage.pyproj", "{481FEB0A-6A24-40A7-8B40-56B7BB949964}"
EndProject
Project("{888888A0-9F3D-457C-B088-3A5042F75D52}") = "pylabsample", "pylabsample\pylabsample.pyproj", "{29C897D8-C8FD-4664-B585-F615AEB3E6A5}"
EndProject
Project("{888888A0-9F3D-457C-B088-3A5042F75D52}") = "numpysample", "numpysample\numpysample.pyproj", "{FCD8CD83-B82C-40A7-9C27-D73843F84469}"
EndProject
Project("{888888A0-9F3D-457C-B088-3A5042F75D52}") = "prob1-1", "prob1-1\prob1-1.pyproj", "{EFE2055D-0EE8-4F88-9518-1365CABF4CAE}"
EndProject
Project("{888888A0-9F3D-457C-B088-3A5042F75D52}") = "prob1-2", "prob1-2\prob1-2.pyproj", "{44DF1780-2D49-49C3-B25F-EB32C555E5EC}"
EndProject
Project("{888888A0-9F3D-457C-B088-3A5042F75D52}") = "prob1-3", "prob1-3\prob1-3.pyproj", "{F661F46A-EF8F-4EF5-BA04-F43379CE4D11}"
EndProject
Project("{888888A0-9F3D-457C-B088-3A5042F75D52}") = "scipysample", "scipysample\scipysample.pyproj", "{4DCBD2A4-79F6-4B65-B6D1-AFC0DE0026B3}"
EndProject
Project("{888888A0-9F3D-457C-B088-3A5042F75D52}") = "prob1-4", "prob1-4\prob1-4.pyproj", "{D2AC75BD-819D-4132-855A-1C8C611898DE}"
EndProject
Project("{888888A0-9F3D-457C-B088-3A5042F75D52}") = "prob1-6", "prob1-6\prob1-6.pyproj", "{3137FAF9-8C5F-47E8-9109-5A55209630BC}"
EndProject
Project("{888888A0-9F3D-457C-B088-3A5042F75D52}") = "harrissample", "harrissample\harrissample.pyproj", "{9B4D9AA6-16BB-442B-BB2A-CC90EF99F4DF}"
EndProject
Project("{888888A0-9F3D-457C-B088-3A5042F75D52}") = "prob2-1", "prob2-1\prob2-1.pyproj", "{EDB4D959-E852-440B-9222-3AF8DA2025DE}"
EndProject
Project("{888888A0-9F3D-457C-B088-3A5042F75D52}") = "prob2-2", "prob2-2\prob2-2.pyproj", "{24B04EE3-26FB-49E8-8DA7-4143ABB1EE48}"
EndProject
Global
	GlobalSection(SolutionConfigurationPlatforms) = preSolution
		Debug|Any CPU = Debug|Any CPU
		Release|Any CPU = Release|Any CPU
	EndGlobalSection
	GlobalSection(ProjectConfigurationPlatforms) = postSolution
		{162475BC-CBBE-4CE1-A3B3-3AEF93AA28E1}.Debug|Any CPU.ActiveCfg = Debug|Any CPU
		{162475BC-CBBE-4CE1-A3B3-3AEF93AA28E1}.Release|Any CPU.ActiveCfg = Release|Any CPU
		{481FEB0A-6A24-40A7-8B40-56B7BB949964}.Debug|Any CPU.ActiveCfg = Debug|Any CPU
		{481FEB0A-6A24-40A7-8B40-56B7BB949964}.Release|Any CPU.ActiveCfg = Release|Any CPU
		{29C897D8-C8FD-4664-B585-F615AEB3E6A5}.Debug|Any CPU.ActiveCfg = Debug|Any CPU
		{29C897D8-C8FD-4664-B585-F615AEB3E6A5}.Release|Any CPU.ActiveCfg = Release|Any CPU
		{FCD8CD83-B82C-40A7-9C27-D73843F84469}.Debug|Any CPU.ActiveCfg = Debug|Any CPU
		{FCD8CD83-B82C-40A7-9C27-D73843F84469}.Release|Any CPU.ActiveCfg = Release|Any CPU
		{EFE2055D-0EE8-4F88-9518-1365CABF4CAE}.Debug|Any CPU.ActiveCfg = Debug|Any CPU
		{EFE2055D-0EE8-4F88-9518-1365CABF4CAE}.Release|Any CPU.ActiveCfg = Release|Any CPU
		{44DF1780-2D49-49C3-B25F-EB32C555E5EC}.Debug|Any CPU.ActiveCfg = Debug|Any CPU
		{44DF1780-2D49-49C3-B25F-EB32C555E5EC}.Release|Any CPU.ActiveCfg = Release|Any CPU
		{F661F46A-EF8F-4EF5-BA04-F43379CE4D11}.Debug|Any CPU.ActiveCfg = Debug|Any CPU
		{F661F46A-EF8F-4EF5-BA04-F43379CE4D11}.Release|Any CPU.ActiveCfg = Release|Any CPU
		{4DCBD2A4-79F6-4B65-B6D1-AFC0DE0026B3}.Debug|Any CPU.ActiveCfg = Debug|Any CPU
		{4DCBD2A4-79F6-4B65-B6D1-AFC0DE0026B3}.Release|Any CPU.ActiveCfg = Release|Any CPU
		{D2AC75BD-819D-4132-855A-1C8C611898DE}.Debug|Any CPU.ActiveCfg = Debug|Any CPU
		{D2AC75BD-819D-4132-855A-1C8C611898DE}.Release|Any CPU.ActiveCfg = Release|Any CPU
		{3137FAF9-8C5F-47E8-9109-5A55209630BC}.Debug|Any CPU.ActiveCfg = Debug|Any CPU
		{3137FAF9-8C5F-47E8-9109-5A55209630BC}.Release|Any CPU.ActiveCfg = Release|Any CPU
		{9B4D9AA6-16BB-442B-BB2A-CC90EF99F4DF}.Debug|Any CPU.ActiveCfg = Debug|Any CPU
		{9B4D9AA6-16BB-442B-BB2A-CC90EF99F4DF}.Release|Any CPU.ActiveCfg = Release|Any CPU
		{EDB4D959-E852-440B-9222-3AF8DA2025DE}.Debug|Any CPU.ActiveCfg = Debug|Any CPU
		{EDB4D959-E852-440B-9222-3AF8DA2025DE}.Release|Any CPU.ActiveCfg = Release|Any CPU
		{24B04EE3-26FB-49E8-8DA7-4143ABB1EE48}.Debug|Any CPU.ActiveCfg = Debug|Any CPU
		{24B04EE3-26FB-49E8-8DA7-4143ABB1EE48}.Release|Any CPU.ActiveCfg = Release|Any CPU
	EndGlobalSection
	GlobalSection(SolutionProperties) = preSolution
		HideSolutionNode = FALSE
	EndGlobalSection
EndGlobal
