
Microsoft Visual Studio Solution File, Format Version 12.00
# Visual Studio Express 2013 for Web
VisualStudioVersion = 12.0.31101.0
MinimumVisualStudioVersion = 10.0.40219.1
Project("{888888A0-9F3D-457C-B088-3A5042F75D52}") = "supervisedlearningsample", "supervisedlearningsample\supervisedlearningsample.pyproj", "{54F1A0DA-95D7-4843-B0C9-CB9AAB232F39}"
EndProject
Project("{888888A0-9F3D-457C-B088-3A5042F75D52}") = "modelselectionsample", "modelselectionsample\modelselectionsample.pyproj", "{F613ADD9-B437-4299-9934-6BF73D903303}"
EndProject
Project("{888888A0-9F3D-457C-B088-3A5042F75D52}") = "unsupervisedlearningsample", "unsupervisedlearningsample\unsupervisedlearningsample.pyproj", "{08218DA8-442F-49DF-BDA0-B546F032C893}"
EndProject
Global
	GlobalSection(SolutionConfigurationPlatforms) = preSolution
		Debug|Any CPU = Debug|Any CPU
		Release|Any CPU = Release|Any CPU
	EndGlobalSection
	GlobalSection(ProjectConfigurationPlatforms) = postSolution
		{54F1A0DA-95D7-4843-B0C9-CB9AAB232F39}.Debug|Any CPU.ActiveCfg = Debug|Any CPU
		{54F1A0DA-95D7-4843-B0C9-CB9AAB232F39}.Release|Any CPU.ActiveCfg = Release|Any CPU
		{F613ADD9-B437-4299-9934-6BF73D903303}.Debug|Any CPU.ActiveCfg = Debug|Any CPU
		{F613ADD9-B437-4299-9934-6BF73D903303}.Release|Any CPU.ActiveCfg = Release|Any CPU
		{08218DA8-442F-49DF-BDA0-B546F032C893}.Debug|Any CPU.ActiveCfg = Debug|Any CPU
		{08218DA8-442F-49DF-BDA0-B546F032C893}.Release|Any CPU.ActiveCfg = Release|Any CPU
	EndGlobalSection
	GlobalSection(SolutionProperties) = preSolution
		HideSolutionNode = FALSE
	EndGlobalSection
EndGlobal
