
Microsoft Visual Studio Solution File, Format Version 12.00
# Visual Studio Express 2013 for Web
VisualStudioVersion = 12.0.31101.0
MinimumVisualStudioVersion = 10.0.40219.1
Project("{888888A0-9F3D-457C-B088-3A5042F75D52}") = "RandList1", "RandList1\RandList1.pyproj", "{D982A1E3-95E0-4968-8C13-9611ABF2CBF4}"
EndProject
Project("{888888A0-9F3D-457C-B088-3A5042F75D52}") = "RandList2", "RandList2\RandList2.pyproj", "{270D428D-24A7-4360-8384-6B8CB0059215}"
EndProject
Project("{888888A0-9F3D-457C-B088-3A5042F75D52}") = "Qsort", "Qsort\Qsort.pyproj", "{1B2947BE-300E-4860-9993-6413960A30D6}"
EndProject
Project("{888888A0-9F3D-457C-B088-3A5042F75D52}") = "MapConcat", "MapConcat\MapConcat.pyproj", "{054A3345-AB50-4512-9BD1-A80BBCB2A3F4}"
EndProject
Global
	GlobalSection(SolutionConfigurationPlatforms) = preSolution
		Debug|Any CPU = Debug|Any CPU
		Release|Any CPU = Release|Any CPU
	EndGlobalSection
	GlobalSection(ProjectConfigurationPlatforms) = postSolution
		{D982A1E3-95E0-4968-8C13-9611ABF2CBF4}.Debug|Any CPU.ActiveCfg = Debug|Any CPU
		{D982A1E3-95E0-4968-8C13-9611ABF2CBF4}.Release|Any CPU.ActiveCfg = Release|Any CPU
		{270D428D-24A7-4360-8384-6B8CB0059215}.Debug|Any CPU.ActiveCfg = Debug|Any CPU
		{270D428D-24A7-4360-8384-6B8CB0059215}.Release|Any CPU.ActiveCfg = Release|Any CPU
		{1B2947BE-300E-4860-9993-6413960A30D6}.Debug|Any CPU.ActiveCfg = Debug|Any CPU
		{1B2947BE-300E-4860-9993-6413960A30D6}.Release|Any CPU.ActiveCfg = Release|Any CPU
		{054A3345-AB50-4512-9BD1-A80BBCB2A3F4}.Debug|Any CPU.ActiveCfg = Debug|Any CPU
		{054A3345-AB50-4512-9BD1-A80BBCB2A3F4}.Release|Any CPU.ActiveCfg = Release|Any CPU
	EndGlobalSection
	GlobalSection(SolutionProperties) = preSolution
		HideSolutionNode = FALSE
	EndGlobalSection
EndGlobal
